
Microsoft Visual Studio Solution File, Format Version 12.00
# Visual Studio Version 16
VisualStudioVersion = 16.0.32802.440
MinimumVisualStudioVersion = 10.0.40219.1
Project("{9A19103F-16F7-4668-BE54-9A1E7A4F7556}") = "AdventureBook", "AdventureBook\AdventureBook.csproj", "{0E45C05A-1990-41AE-A8A6-F5F0DB21B107}"
EndProject
Global
	GlobalSection(SolutionConfigurationPlatforms) = preSolution
		Debug|Any CPU = Debug|Any CPU
		Release|Any CPU = Release|Any CPU
	EndGlobalSection
	GlobalSection(ProjectConfigurationPlatforms) = postSolution
		{0E45C05A-1990-41AE-A8A6-F5F0DB21B107}.Debug|Any CPU.ActiveCfg = Debug|Any CPU
		{0E45C05A-1990-41AE-A8A6-F5F0DB21B107}.Debug|Any CPU.Build.0 = Debug|Any CPU
		{0E45C05A-1990-41AE-A8A6-F5F0DB21B107}.Release|Any CPU.ActiveCfg = Release|Any CPU
		{0E45C05A-1990-41AE-A8A6-F5F0DB21B107}.Release|Any CPU.Build.0 = Release|Any CPU
	EndGlobalSection
	GlobalSection(SolutionProperties) = preSolution
		HideSolutionNode = FALSE
	EndGlobalSection
	GlobalSection(ExtensibilityGlobals) = postSolution
		SolutionGuid = {664C854B-C6BC-455F-B4C5-8AEFA337F0B5}
	EndGlobalSection
EndGlobal
